
Microsoft Visual Studio Solution File, Format Version 12.00
# Visual Studio Version 16
VisualStudioVersion = 25.0.1704.3
MinimumVisualStudioVersion = 10.0.40219.1
Project("{FAE04EC0-301F-11D3-BF4B-00C04F79EFBC}") = "Library_1", "Library_1\Library_1.csproj", "{F97582E3-647A-468B-910A-7D78B8ABEE9D}"
EndProject
Global
	GlobalSection(SolutionConfigurationPlatforms) = preSolution
		Debug|Any CPU = Debug|Any CPU
		Release|Any CPU = Release|Any CPU
	EndGlobalSection
	GlobalSection(ProjectConfigurationPlatforms) = postSolution
		{F97582E3-647A-468B-910A-7D78B8ABEE9D}.Debug|Any CPU.ActiveCfg = Debug|Any CPU
		{F97582E3-647A-468B-910A-7D78B8ABEE9D}.Debug|Any CPU.Build.0 = Debug|Any CPU
		{F97582E3-647A-468B-910A-7D78B8ABEE9D}.Release|Any CPU.ActiveCfg = Release|Any CPU
		{F97582E3-647A-468B-910A-7D78B8ABEE9D}.Release|Any CPU.Build.0 = Release|Any CPU
	EndGlobalSection
	GlobalSection(SolutionProperties) = preSolution
		HideSolutionNode = FALSE
	EndGlobalSection
	GlobalSection(ExtensibilityGlobals) = postSolution
		SolutionGuid = {40BD8564-84E4-49B3-B4C6-C07C1D25B387}
	EndGlobalSection
EndGlobal
